
Microsoft Visual Studio Solution File, Format Version 12.00
# Visual Studio Version 16
Project("{8BC9CEB8-8B4A-11D0-8D11-00A0C91BC942}") = "Carrot", "Carrot\Carrot.vcxproj", "{B06644AB-9C08-6F81-85C3-82D57104F6D1}"
EndProject
Project("{8BC9CEB8-8B4A-11D0-8D11-00A0C91BC942}") = "Sandbox", "Sandbox\Sandbox.vcxproj", "{F4C124E3-60A1-A37E-69B9-2E55D5170AE0}"
EndProject
Global
	GlobalSection(SolutionConfigurationPlatforms) = preSolution
		debug|x64 = debug|x64
		Dist|x64 = Dist|x64
		release|x64 = release|x64
	EndGlobalSection
	GlobalSection(ProjectConfigurationPlatforms) = postSolution
		{B06644AB-9C08-6F81-85C3-82D57104F6D1}.debug|x64.ActiveCfg = debug|x64
		{B06644AB-9C08-6F81-85C3-82D57104F6D1}.debug|x64.Build.0 = debug|x64
		{B06644AB-9C08-6F81-85C3-82D57104F6D1}.Dist|x64.ActiveCfg = Dist|x64
		{B06644AB-9C08-6F81-85C3-82D57104F6D1}.Dist|x64.Build.0 = Dist|x64
		{B06644AB-9C08-6F81-85C3-82D57104F6D1}.release|x64.ActiveCfg = release|x64
		{B06644AB-9C08-6F81-85C3-82D57104F6D1}.release|x64.Build.0 = release|x64
		{F4C124E3-60A1-A37E-69B9-2E55D5170AE0}.debug|x64.ActiveCfg = debug|x64
		{F4C124E3-60A1-A37E-69B9-2E55D5170AE0}.debug|x64.Build.0 = debug|x64
		{F4C124E3-60A1-A37E-69B9-2E55D5170AE0}.Dist|x64.ActiveCfg = Dist|x64
		{F4C124E3-60A1-A37E-69B9-2E55D5170AE0}.Dist|x64.Build.0 = Dist|x64
		{F4C124E3-60A1-A37E-69B9-2E55D5170AE0}.release|x64.ActiveCfg = release|x64
		{F4C124E3-60A1-A37E-69B9-2E55D5170AE0}.release|x64.Build.0 = release|x64
	EndGlobalSection
	GlobalSection(SolutionProperties) = preSolution
		HideSolutionNode = FALSE
	EndGlobalSection
EndGlobal
